
Microsoft Visual Studio Solution File, Format Version 12.00
# Visual Studio 15
VisualStudioVersion = 15.0.28307.572
MinimumVisualStudioVersion = 10.0.40219.1
Project("{FAE04EC0-301F-11D3-BF4B-00C04F79EFBC}") = "BankOfBank", "BankOfBank\BankOfBank.csproj", "{DEA2E848-7F8C-4B62-8DF1-D11802BDC43A}"
EndProject
Project("{FAE04EC0-301F-11D3-BF4B-00C04F79EFBC}") = "ReflectionAppUI", "ReflectionAppUI\ReflectionAppUI.csproj", "{F10D0A79-5DD3-41BE-944E-8336BDA208C4}"
EndProject
Project("{FAE04EC0-301F-11D3-BF4B-00C04F79EFBC}") = "ProviderProtocol", "ProviderProtocol\ProviderProtocol.csproj", "{437DA435-105B-4156-B219-4CC642C20C92}"
EndProject
Global
	GlobalSection(SolutionConfigurationPlatforms) = preSolution
		Debug|Any CPU = Debug|Any CPU
		Release|Any CPU = Release|Any CPU
	EndGlobalSection
	GlobalSection(ProjectConfigurationPlatforms) = postSolution
		{DEA2E848-7F8C-4B62-8DF1-D11802BDC43A}.Debug|Any CPU.ActiveCfg = Debug|Any CPU
		{DEA2E848-7F8C-4B62-8DF1-D11802BDC43A}.Debug|Any CPU.Build.0 = Debug|Any CPU
		{DEA2E848-7F8C-4B62-8DF1-D11802BDC43A}.Release|Any CPU.ActiveCfg = Release|Any CPU
		{DEA2E848-7F8C-4B62-8DF1-D11802BDC43A}.Release|Any CPU.Build.0 = Release|Any CPU
		{F10D0A79-5DD3-41BE-944E-8336BDA208C4}.Debug|Any CPU.ActiveCfg = Debug|Any CPU
		{F10D0A79-5DD3-41BE-944E-8336BDA208C4}.Debug|Any CPU.Build.0 = Debug|Any CPU
		{F10D0A79-5DD3-41BE-944E-8336BDA208C4}.Release|Any CPU.ActiveCfg = Release|Any CPU
		{F10D0A79-5DD3-41BE-944E-8336BDA208C4}.Release|Any CPU.Build.0 = Release|Any CPU
		{437DA435-105B-4156-B219-4CC642C20C92}.Debug|Any CPU.ActiveCfg = Debug|Any CPU
		{437DA435-105B-4156-B219-4CC642C20C92}.Debug|Any CPU.Build.0 = Debug|Any CPU
		{437DA435-105B-4156-B219-4CC642C20C92}.Release|Any CPU.ActiveCfg = Release|Any CPU
		{437DA435-105B-4156-B219-4CC642C20C92}.Release|Any CPU.Build.0 = Release|Any CPU
	EndGlobalSection
	GlobalSection(SolutionProperties) = preSolution
		HideSolutionNode = FALSE
	EndGlobalSection
	GlobalSection(ExtensibilityGlobals) = postSolution
		SolutionGuid = {38CB5644-F97A-4B8A-94DC-1DE9FD713551}
	EndGlobalSection
EndGlobal
